{
    "composer/semver": {
        "version": "3.2.4"
    },
    "composer/xdebug-handler": {
        "version": "1.4.5"
    },
    "friendsofphp/php-cs-fixer": {
        "version": "2.16",
        "recipe": {
            "repo": "github.com/symfony/recipes",
            "branch": "master",
            "version": "2.16",
            "ref": "c1947bad147704aeaf0285745f0baae927a58959"
        },
        "files": [
            ".php_cs.dist"
        ]
    },
    "php-cs-fixer/diff": {
        "version": "v1.3.1"
    },
    "phpstan/phpstan": {
        "version": "0.12.78"
    },
    "phpstan/phpstan-symfony": {
        "version": "0.12.20"
    },
    "sensio/framework-extra-bundle": {
        "version": "5.2",
        "recipe": {
            "repo": "github.com/symfony/recipes",
            "branch": "master",
            "version": "5.2",
            "ref": "fb7e19da7f013d0d422fa9bce16f5c510e27609b"
        },
        "files": [
            "config/packages/sensio_framework_extra.yaml"
        ]
    },
    "symfony/options-resolver": {
        "version": "v5.2.3"
    },
    "symfony/phpunit-bridge": {
        "version": "5.1",
        "recipe": {
            "repo": "github.com/symfony/recipes",
            "branch": "master",
            "version": "5.1",
            "ref": "bf16921ef8309a81d9f046e9b6369c46bcbd031f"
        },
        "files": [
            ".env.test",
            "bin/phpunit",
            "phpunit.xml.dist",
            "tests/bootstrap.php"
        ]
    },
    "symfony/polyfill-php70": {
        "version": "v1.20.0"
    },
    "symfony/process": {
        "version": "v5.2.3"
    }
}
